
Microsoft Visual Studio Solution File, Format Version 12.00
# Visual Studio Version 17
VisualStudioVersion = 17.12.35707.178
MinimumVisualStudioVersion = 10.0.40219.1
Project("{FAE04EC0-301F-11D3-BF4B-00C04F79EFBC}") = "Player", "Player\Player.csproj", "{51BA2766-92C2-421F-BD57-0E3370C17D15}"
EndProject
Project("{FAE04EC0-301F-11D3-BF4B-00C04F79EFBC}") = "muapDotNETDriver", "Driver\muapDotNETDriver.csproj", "{B27730AF-FD37-4CC7-9BC3-2E5AC3368F5C}"
EndProject
Project("{2150E333-8FDC-42A3-9474-1A3956D46DE8}") = "lib", "lib", "{D1BF9F19-95EA-4A22-AFC7-C27899797FB9}"
	ProjectSection(SolutionItems) = preProject
		lib\musicDriverInterface.dll = lib\musicDriverInterface.dll
	EndProjectSection
EndProject
Project("{FAE04EC0-301F-11D3-BF4B-00C04F79EFBC}") = "muapDotNETCommon", "Common\muapDotNETCommon.csproj", "{B58CF24C-2194-4777-8B6E-B0FA524F3DD6}"
EndProject
Project("{FAE04EC0-301F-11D3-BF4B-00C04F79EFBC}") = "muapDotNETCompiler", "Compiler\muapDotNETCompiler.csproj", "{66B336BE-60A4-48E9-BE3B-D5A4168DCD90}"
EndProject
Project("{FAE04EC0-301F-11D3-BF4B-00C04F79EFBC}") = "Console", "Console\Console.csproj", "{36A50606-41FB-4198-951E-37981E4EA03A}"
EndProject
Project("{2150E333-8FDC-42A3-9474-1A3956D46DE8}") = "ソリューション項目", "ソリューション項目", "{2022CB0F-8BAF-F49E-0C48-8EF4C96EC109}"
	ProjectSection(SolutionItems) = preProject
		CHANGE.txt = CHANGE.txt
		..\makeZip.bat = ..\makeZip.bat
		TEC.txt = TEC.txt
	EndProjectSection
EndProject
Global
	GlobalSection(SolutionConfigurationPlatforms) = preSolution
		Debug|Any CPU = Debug|Any CPU
		Release|Any CPU = Release|Any CPU
	EndGlobalSection
	GlobalSection(ProjectConfigurationPlatforms) = postSolution
		{51BA2766-92C2-421F-BD57-0E3370C17D15}.Debug|Any CPU.ActiveCfg = Debug|Any CPU
		{51BA2766-92C2-421F-BD57-0E3370C17D15}.Debug|Any CPU.Build.0 = Debug|Any CPU
		{51BA2766-92C2-421F-BD57-0E3370C17D15}.Release|Any CPU.ActiveCfg = Release|Any CPU
		{51BA2766-92C2-421F-BD57-0E3370C17D15}.Release|Any CPU.Build.0 = Release|Any CPU
		{B27730AF-FD37-4CC7-9BC3-2E5AC3368F5C}.Debug|Any CPU.ActiveCfg = Debug|Any CPU
		{B27730AF-FD37-4CC7-9BC3-2E5AC3368F5C}.Debug|Any CPU.Build.0 = Debug|Any CPU
		{B27730AF-FD37-4CC7-9BC3-2E5AC3368F5C}.Release|Any CPU.ActiveCfg = Release|Any CPU
		{B27730AF-FD37-4CC7-9BC3-2E5AC3368F5C}.Release|Any CPU.Build.0 = Release|Any CPU
		{B58CF24C-2194-4777-8B6E-B0FA524F3DD6}.Debug|Any CPU.ActiveCfg = Debug|Any CPU
		{B58CF24C-2194-4777-8B6E-B0FA524F3DD6}.Debug|Any CPU.Build.0 = Debug|Any CPU
		{B58CF24C-2194-4777-8B6E-B0FA524F3DD6}.Release|Any CPU.ActiveCfg = Release|Any CPU
		{B58CF24C-2194-4777-8B6E-B0FA524F3DD6}.Release|Any CPU.Build.0 = Release|Any CPU
		{66B336BE-60A4-48E9-BE3B-D5A4168DCD90}.Debug|Any CPU.ActiveCfg = Debug|Any CPU
		{66B336BE-60A4-48E9-BE3B-D5A4168DCD90}.Debug|Any CPU.Build.0 = Debug|Any CPU
		{66B336BE-60A4-48E9-BE3B-D5A4168DCD90}.Release|Any CPU.ActiveCfg = Release|Any CPU
		{66B336BE-60A4-48E9-BE3B-D5A4168DCD90}.Release|Any CPU.Build.0 = Release|Any CPU
		{36A50606-41FB-4198-951E-37981E4EA03A}.Debug|Any CPU.ActiveCfg = Debug|Any CPU
		{36A50606-41FB-4198-951E-37981E4EA03A}.Debug|Any CPU.Build.0 = Debug|Any CPU
		{36A50606-41FB-4198-951E-37981E4EA03A}.Release|Any CPU.ActiveCfg = Release|Any CPU
		{36A50606-41FB-4198-951E-37981E4EA03A}.Release|Any CPU.Build.0 = Release|Any CPU
	EndGlobalSection
	GlobalSection(SolutionProperties) = preSolution
		HideSolutionNode = FALSE
	EndGlobalSection
	GlobalSection(ExtensibilityGlobals) = postSolution
		SolutionGuid = {395BCEEB-983C-44FC-8BA5-486C52F376E2}
	EndGlobalSection
EndGlobal
